<?xml version="1.0" encoding="utf-8"?>
<Project ToolsVersion="4.0" xmlns="http://schemas.microsoft.com/developer/msbuild/2003">
  <ItemGroup>
    <Filter Include="源文件">
      <UniqueIdentifier>{4FC737F1-C7A5-4376-A066-2A32D752A2FF}</UniqueIdentifier>
      <Extensions>cpp;c;cc;cxx;c++;cppm;ixx;def;odl;idl;hpj;bat;asm;asmx</Extensions>
    </Filter>
    <Filter Include="头文件">
      <UniqueIdentifier>{93995380-89BD-4b04-88EB-625FBE52EBFB}</UniqueIdentifier>
      <Extensions>h;hh;hpp;hxx;h++;hm;inl;inc;ipp;xsd</Extensions>
    </Filter>
    <Filter Include="资源文件">
      <UniqueIdentifier>{67DA6AB6-F800-4c08-8B7A-83BB121AAD01}</UniqueIdentifier>
      <Extensions>rc;ico;cur;bmp;dlg;rc2;rct;bin;rgs;gif;jpg;jpeg;jpe;resx;tiff;tif;png;wav;mfcribbon-ms</Extensions>
    </Filter>
  </ItemGroup>
  <ItemGroup>
    <ClCompile Include="source\runtime\function\base\global_values.cpp">
      <Filter>源文件</Filter>
    </ClCompile>
    <ClCompile Include="source\runtime\core\log\debuger.cpp">
      <Filter>源文件</Filter>
    </ClCompile>
    <ClCompile Include="source\runtime\core\math\rand.cpp">
      <Filter>源文件</Filter>
    </ClCompile>
    <ClCompile Include="source\runtime\function\base\camera.cpp">
      <Filter>源文件</Filter>
    </ClCompile>
    <ClCompile Include="source\runtime\function\event\events.cpp">
      <Filter>源文件</Filter>
    </ClCompile>
    <ClCompile Include="source\runtime\function\ui\font.cpp">
      <Filter>源文件</Filter>
    </ClCompile>
    <ClCompile Include="source\runtime\function\base\image.cpp">
      <Filter>源文件</Filter>
    </ClCompile>
    <ClCompile Include="source\runtime\function\ui\painter.cpp">
      <Filter>源文件</Filter>
    </ClCompile>
    <ClCompile Include="source\runtime\function\ui\widget.cpp">
      <Filter>源文件</Filter>
    </ClCompile>
    <ClCompile Include="source\runtime\function\extern_variables.cpp">
      <Filter>源文件</Filter>
    </ClCompile>
    <ClCompile Include="editor\main.cpp">
      <Filter>源文件</Filter>
    </ClCompile>
    <ClCompile Include="cpps\ttest.cpp">
      <Filter>源文件</Filter>
    </ClCompile>
    <ClCompile Include="thirdparty\json11\json11.cpp">
      <Filter>源文件</Filter>
    </ClCompile>
    <ClCompile Include="source\runtime\function\framework\object\GObject.h">
      <Filter>源文件</Filter>
    </ClCompile>
    <ClCompile Include="editor\pbr.cpp">
      <Filter>源文件</Filter>
    </ClCompile>
    <ClCompile Include="source\runtime\function\render\render.cpp">
      <Filter>源文件</Filter>
    </ClCompile>
    <ClCompile Include="source\runtime\function\scene\model_importer.cpp">
      <Filter>源文件</Filter>
    </ClCompile>
    <ClCompile Include="source\Test\Test.cpp">
      <Filter>源文件</Filter>
    </ClCompile>
    <ClCompile Include="source\runtime\function\model\render_mseh.cpp">
      <Filter>源文件</Filter>
    </ClCompile>
    <ClCompile Include="source\runtime\function\model\triangleMesh.cpp">
      <Filter>源文件</Filter>
    </ClCompile>
    <ClCompile Include="source\runtime\function\network\network.cpp">
      <Filter>源文件</Filter>
    </ClCompile>
  </ItemGroup>
  <ItemGroup>
    <ClInclude Include="source\runtime\function\base\baseClass.h">
      <Filter>头文件</Filter>
    </ClInclude>
    <ClInclude Include="source\runtime\core\base\basis.h">
      <Filter>头文件</Filter>
    </ClInclude>
    <ClInclude Include="source\runtime\function\base\global_values.h">
      <Filter>头文件</Filter>
    </ClInclude>
    <ClInclude Include="source\runtime\core\data_structure\data_structure.h">
      <Filter>头文件</Filter>
    </ClInclude>
    <ClInclude Include="source\runtime\core\log\debuger.h">
      <Filter>头文件</Filter>
    </ClInclude>
    <ClInclude Include="source\runtime\core\log\exception.h">
      <Filter>头文件</Filter>
    </ClInclude>
    <ClInclude Include="source\runtime\core\math\mat_generate.h">
      <Filter>头文件</Filter>
    </ClInclude>
    <ClInclude Include="source\runtime\core\math\math_defs.h">
      <Filter>头文件</Filter>
    </ClInclude>
    <ClInclude Include="source\runtime\core\math\math_include.h">
      <Filter>头文件</Filter>
    </ClInclude>
    <ClInclude Include="source\runtime\core\math\matrix.h">
      <Filter>头文件</Filter>
    </ClInclude>
    <ClInclude Include="source\runtime\core\math\matrix_operation.h">
      <Filter>头文件</Filter>
    </ClInclude>
    <ClInclude Include="source\runtime\core\math\rand.h">
      <Filter>头文件</Filter>
    </ClInclude>
    <ClInclude Include="source\runtime\core\math\vector.h">
      <Filter>头文件</Filter>
    </ClInclude>
    <ClInclude Include="source\runtime\function\base\coordinate.h">
      <Filter>头文件</Filter>
    </ClInclude>
    <ClInclude Include="source\runtime\function\base\encoder.h">
      <Filter>头文件</Filter>
    </ClInclude>
    <ClInclude Include="source\runtime\function\animation\animation.h">
      <Filter>头文件</Filter>
    </ClInclude>
    <ClInclude Include="source\runtime\function\audio\audio.h">
      <Filter>头文件</Filter>
    </ClInclude>
    <ClInclude Include="source\runtime\function\base\camera.h">
      <Filter>头文件</Filter>
    </ClInclude>
    <ClInclude Include="source\runtime\function\event\events.h">
      <Filter>头文件</Filter>
    </ClInclude>
    <ClInclude Include="source\runtime\function\event\timor.h">
      <Filter>头文件</Filter>
    </ClInclude>
    <ClInclude Include="source\runtime\function\physics\collision_dectect.h">
      <Filter>头文件</Filter>
    </ClInclude>
    <ClInclude Include="source\runtime\function\base\color.h">
      <Filter>头文件</Filter>
    </ClInclude>
    <ClInclude Include="source\runtime\function\base\colors.h">
      <Filter>头文件</Filter>
    </ClInclude>
    <ClInclude Include="source\runtime\function\ui\font.h">
      <Filter>头文件</Filter>
    </ClInclude>
    <ClInclude Include="source\runtime\function\base\image.h">
      <Filter>头文件</Filter>
    </ClInclude>
    <ClInclude Include="source\runtime\function\ui\painter.h">
      <Filter>头文件</Filter>
    </ClInclude>
    <ClInclude Include="source\runtime\function\base\render_base.h">
      <Filter>头文件</Filter>
    </ClInclude>
    <ClInclude Include="source\runtime\function\render\shader.h">
      <Filter>头文件</Filter>
    </ClInclude>
    <ClInclude Include="source\runtime\function\render\texture.h">
      <Filter>头文件</Filter>
    </ClInclude>
    <ClInclude Include="source\runtime\function\ui\controls_ui.h">
      <Filter>头文件</Filter>
    </ClInclude>
    <ClInclude Include="source\runtime\function\ui\hintor.h">
      <Filter>头文件</Filter>
    </ClInclude>
    <ClInclude Include="source\runtime\function\ui\input_ui.h">
      <Filter>头文件</Filter>
    </ClInclude>
    <ClInclude Include="source\runtime\function\ui\keys_btns.h">
      <Filter>头文件</Filter>
    </ClInclude>
    <ClInclude Include="source\runtime\function\ui\tool_widgets.h">
      <Filter>头文件</Filter>
    </ClInclude>
    <ClInclude Include="source\runtime\function\ui\ui_include.h">
      <Filter>头文件</Filter>
    </ClInclude>
    <ClInclude Include="source\runtime\function\base\ui_base.h">
      <Filter>头文件</Filter>
    </ClInclude>
    <ClInclude Include="source\runtime\function\ui\widget.h">
      <Filter>头文件</Filter>
    </ClInclude>
    <ClInclude Include="source\runtime\function\ui\window.h">
      <Filter>头文件</Filter>
    </ClInclude>
    <ClInclude Include="source\runtime\WGen.h">
      <Filter>头文件</Filter>
    </ClInclude>
    <ClInclude Include="source\runtime\resource\res_type\common\level.h">
      <Filter>头文件</Filter>
    </ClInclude>
    <ClInclude Include="source\runtime\resource\res_type\common\object.h">
      <Filter>头文件</Filter>
    </ClInclude>
    <ClInclude Include="source\runtime\resource\res_type\common\world.h">
      <Filter>头文件</Filter>
    </ClInclude>
    <ClInclude Include="source\runtime\resource\res_type\components\animation.h">
      <Filter>头文件</Filter>
    </ClInclude>
    <ClInclude Include="source\runtime\resource\res_type\components\camera.h">
      <Filter>头文件</Filter>
    </ClInclude>
    <ClInclude Include="source\runtime\resource\res_type\components\mesh.h">
      <Filter>头文件</Filter>
    </ClInclude>
    <ClInclude Include="source\runtime\resource\res_type\components\motor.h">
      <Filter>头文件</Filter>
    </ClInclude>
    <ClInclude Include="source\runtime\resource\res_type\components\rigid_body.h">
      <Filter>头文件</Filter>
    </ClInclude>
    <ClInclude Include="source\runtime\resource\res_type\data\animation_clip.h">
      <Filter>头文件</Filter>
    </ClInclude>
    <ClInclude Include="source\runtime\resource\res_type\data\animation_skeleton_node_map.h">
      <Filter>头文件</Filter>
    </ClInclude>
    <ClInclude Include="source\runtime\resource\res_type\data\blend_state.h">
      <Filter>头文件</Filter>
    </ClInclude>
    <ClInclude Include="source\runtime\resource\res_type\data\material.h">
      <Filter>头文件</Filter>
    </ClInclude>
    <ClInclude Include="source\runtime\resource\res_type\data\mesh_data.h">
      <Filter>头文件</Filter>
    </ClInclude>
    <ClInclude Include="source\runtime\resource\res_type\data\skeleton_data.h">
      <Filter>头文件</Filter>
    </ClInclude>
    <ClInclude Include="source\runtime\resource\res_type\data\skeleton_mask.h">
      <Filter>头文件</Filter>
    </ClInclude>
    <ClInclude Include="thirdparty\json11\json11.hpp">
      <Filter>头文件</Filter>
    </ClInclude>
    <ClInclude Include="source\runtime\core\meta\serializer.h">
      <Filter>头文件</Filter>
    </ClInclude>
    <ClInclude Include="source\runtime\core\meta\json.h">
      <Filter>头文件</Filter>
    </ClInclude>
    <ClInclude Include="source\runtime\resource\asset_manager\asset_manager.h">
      <Filter>头文件</Filter>
    </ClInclude>
    <ClInclude Include="source\runtime\core\base\singleton.h">
      <Filter>头文件</Filter>
    </ClInclude>
    <ClInclude Include="source\runtime\function\framework\component\component.h">
      <Filter>头文件</Filter>
    </ClInclude>
    <ClInclude Include="source\runtime\function\base\base_include.h">
      <Filter>头文件</Filter>
    </ClInclude>
    <ClInclude Include="source\runtime\function\render\mrender.h">
      <Filter>头文件</Filter>
    </ClInclude>
    <ClInclude Include="source\runtime\function\scene\scene_manager.h">
      <Filter>头文件</Filter>
    </ClInclude>
    <ClInclude Include="source\runtime\function\scene\scene.h">
      <Filter>头文件</Filter>
    </ClInclude>
    <ClInclude Include="source\runtime\resource\resource_handle.h">
      <Filter>头文件</Filter>
    </ClInclude>
    <ClInclude Include="source\runtime\resource\basis.h">
      <Filter>头文件</Filter>
    </ClInclude>
    <ClInclude Include="source\runtime\function\framework\level\level.h">
      <Filter>头文件</Filter>
    </ClInclude>
    <ClInclude Include="source\runtime\function\framework\world\world_manager.h">
      <Filter>头文件</Filter>
    </ClInclude>
    <ClInclude Include="source\runtime\function\scene\scene_memory.h">
      <Filter>头文件</Filter>
    </ClInclude>
    <ClInclude Include="source\runtime\function\utility.h">
      <Filter>头文件</Filter>
    </ClInclude>
    <ClInclude Include="source\runtime\function\base\animation_base.h">
      <Filter>头文件</Filter>
    </ClInclude>
    <ClInclude Include="source\runtime\core\core.h">
      <Filter>头文件</Filter>
    </ClInclude>
    <ClInclude Include="source\runtime\function\framework\component\animation.h">
      <Filter>头文件</Filter>
    </ClInclude>
    <ClInclude Include="source\runtime\function\framework\component\mesh.h">
      <Filter>头文件</Filter>
    </ClInclude>
    <ClInclude Include="source\runtime\function\render\render.h">
      <Filter>头文件</Filter>
    </ClInclude>
    <ClInclude Include="source\runtime\function\render\lightSource.h">
      <Filter>头文件</Filter>
    </ClInclude>
    <ClInclude Include="source\runtime\function\scene\scene_buffer.h">
      <Filter>头文件</Filter>
    </ClInclude>
    <ClInclude Include="source\runtime\function\scene\scene_builder.h">
      <Filter>头文件</Filter>
    </ClInclude>
    <ClInclude Include="source\runtime\function\framework\object\std_gobjects.h">
      <Filter>头文件</Filter>
    </ClInclude>
    <ClInclude Include="source\runtime\function\scene\model_importer.h">
      <Filter>头文件</Filter>
    </ClInclude>
    <ClInclude Include="source\runtime\function\model\3DObject.h">
      <Filter>头文件</Filter>
    </ClInclude>
    <ClInclude Include="source\runtime\function\model\actor.h">
      <Filter>头文件</Filter>
    </ClInclude>
    <ClInclude Include="source\runtime\function\model\lightSource.h">
      <Filter>头文件</Filter>
    </ClInclude>
    <ClInclude Include="source\runtime\function\model\model_include.h">
      <Filter>头文件</Filter>
    </ClInclude>
    <ClInclude Include="source\runtime\function\model\render_mesh.h">
      <Filter>头文件</Filter>
    </ClInclude>
    <ClInclude Include="source\runtime\function\model\triangleMesh.h">
      <Filter>头文件</Filter>
    </ClInclude>
    <ClInclude Include="source\runtime\function\controller\controller.h">
      <Filter>头文件</Filter>
    </ClInclude>
    <ClInclude Include="source\runtime\function\network\network.h">
      <Filter>头文件</Filter>
    </ClInclude>
    <ClInclude Include="source\runtime\core\math\angle.h">
      <Filter>头文件</Filter>
    </ClInclude>
  </ItemGroup>
  <ItemGroup>
    <None Include="source\shader\pbr.shader" />
    <None Include="source\shader\phong_shadow.shader" />
    <None Include="source\shader\pbrr.shader" />
    <None Include="source\shader\render.shader" />
  </ItemGroup>
</Project>